dependencies:
- name: alloy
  repository: https://grafana.github.io/helm-charts
  version: 0.7.0
- name: alloy
  repository: https://grafana.github.io/helm-charts
  version: 0.7.0
- name: alloy
  repository: https://grafana.github.io/helm-charts
  version: 0.7.0
- name: alloy
  repository: https://grafana.github.io/helm-charts
  version: 0.7.0
- name: kube-state-metrics
  repository: https://prometheus-community.github.io/helm-charts
  version: 5.25.1
- name: prometheus-node-exporter
  repository: https://prometheus-community.github.io/helm-charts
  version: 4.39.0
- name: prometheus-operator-crds
  repository: https://prometheus-community.github.io/helm-charts
  version: 15.0.0
- name: prometheus-windows-exporter
  repository: https://prometheus-community.github.io/helm-charts
  version: 0.6.0
- name: opencost
  repository: https://opencost.github.io/opencost-helm-chart
  version: 1.42.0
- name: kepler
  repository: https://sustainable-computing-io.github.io/kepler-helm-chart
  version: 0.5.9
- name: beyla
  repository: https://grafana.github.io/helm-charts
  version: 1.4.0
digest: sha256:10d31b19dc3577068c52142abd2b4bd68be77150668c916a7bb6b993ec2b0992
generated: "2024-10-28T01:40:49.090336427Z"
