dependencies:
- name: alloy
  repository: https://grafana.github.io/helm-charts
  version: 0.3.2
- name: alloy
  repository: https://grafana.github.io/helm-charts
  version: 0.3.2
- name: alloy
  repository: https://grafana.github.io/helm-charts
  version: 0.3.2
- name: alloy
  repository: https://grafana.github.io/helm-charts
  version: 0.3.2
- name: kube-state-metrics
  repository: https://prometheus-community.github.io/helm-charts
  version: 5.20.0
- name: prometheus-node-exporter
  repository: https://prometheus-community.github.io/helm-charts
  version: 4.36.0
- name: prometheus-operator-crds
  repository: https://prometheus-community.github.io/helm-charts
  version: 13.0.1
- name: prometheus-windows-exporter
  repository: https://prometheus-community.github.io/helm-charts
  version: 0.3.1
- name: opencost
  repository: https://opencost.github.io/opencost-helm-chart
  version: 1.38.1
digest: sha256:de293f6b2214c76e8e91fb5400ccb4161905ea867c705779d3c414df8e43333f
generated: "2024-07-02T01:16:53.745655146Z"
