dependencies:
- name: alloy
  repository: https://grafana.github.io/helm-charts
  version: 0.3.2
- name: alloy
  repository: https://grafana.github.io/helm-charts
  version: 0.3.2
- name: alloy
  repository: https://grafana.github.io/helm-charts
  version: 0.3.2
- name: alloy
  repository: https://grafana.github.io/helm-charts
  version: 0.3.2
- name: kube-state-metrics
  repository: https://prometheus-community.github.io/helm-charts
  version: 5.25.1
- name: prometheus-node-exporter
  repository: https://prometheus-community.github.io/helm-charts
  version: 4.36.0
- name: prometheus-operator-crds
  repository: https://prometheus-community.github.io/helm-charts
  version: 12.0.0
- name: prometheus-windows-exporter
  repository: https://prometheus-community.github.io/helm-charts
  version: 0.3.1
- name: opencost
  repository: https://opencost.github.io/opencost-helm-chart
  version: 1.38.1
digest: sha256:43bfeae60c19147b0c2a7d866a971f3cc22a75f7bb5b8bd8d86cef3403e6aba1
generated: "2024-09-11T01:24:15.624264841Z"
